
Microsoft Visual Studio Solution File, Format Version 12.00
# Visual Studio Version 16
VisualStudioVersion = 16.0.34301.259
MinimumVisualStudioVersion = 10.0.40219.1
Project("{FAE04EC0-301F-11D3-BF4B-00C04F79EFBC}") = "CarInsurance", "CarInsurance\CarInsurance.csproj", "{C2701BBD-79A4-4EA1-AFCF-7449CAEE7C6C}"
EndProject
Global
	GlobalSection(SolutionConfigurationPlatforms) = preSolution
		Debug|Any CPU = Debug|Any CPU
		Release|Any CPU = Release|Any CPU
	EndGlobalSection
	GlobalSection(ProjectConfigurationPlatforms) = postSolution
		{C2701BBD-79A4-4EA1-AFCF-7449CAEE7C6C}.Debug|Any CPU.ActiveCfg = Debug|Any CPU
		{C2701BBD-79A4-4EA1-AFCF-7449CAEE7C6C}.Debug|Any CPU.Build.0 = Debug|Any CPU
		{C2701BBD-79A4-4EA1-AFCF-7449CAEE7C6C}.Release|Any CPU.ActiveCfg = Release|Any CPU
		{C2701BBD-79A4-4EA1-AFCF-7449CAEE7C6C}.Release|Any CPU.Build.0 = Release|Any CPU
	EndGlobalSection
	GlobalSection(SolutionProperties) = preSolution
		HideSolutionNode = FALSE
	EndGlobalSection
	GlobalSection(ExtensibilityGlobals) = postSolution
		SolutionGuid = {1594B766-7DB1-42A3-8378-F750D1C41ED4}
	EndGlobalSection
EndGlobal
